PODS:
  - Alamofire (5.2.0)
  - Moya (14.0.0):
    - Moya/Core (= 14.0.0)
  - Moya/Core (14.0.0):
    - Alamofire (~> 5.0)
  - SDWebImage (5.8.0):
    - SDWebImage/Core (= 5.8.0)
  - SDWebImage/Core (5.8.0)
  - SwiftLint (0.39.2)

DEPENDENCIES:
  - Moya
  - SDWebImage
  - SwiftLint

SPEC REPOS:
  trunk:
    - Alamofire
    - Moya
    - SDWebImage
    - SwiftLint

SPEC CHECKSUMS:
  Alamofire: c1ca147559e730bfb2182c8c7aafbdd90a867987
  Moya: 5b45dacb75adb009f97fde91c204c1e565d31916
  SDWebImage: 84000f962cbfa70c07f19d2234cbfcf5d779b5dc
  SwiftLint: 22ccbbe3b8008684be5955693bab135e0ed6a447

PODFILE CHECKSUM: a2f9f72bc64156413fad899cee131dc5c84751a9

COCOAPODS: 1.9.1
